
Microsoft Visual Studio Solution File, Format Version 12.00
# Visual Studio Version 17
VisualStudioVersion = 17.8.34408.163
MinimumVisualStudioVersion = 10.0.40219.1
Project("{FAE04EC0-301F-11D3-BF4B-00C04F79EFBC}") = "GemHuntersGame", "GemHuntersGame\GemHuntersGame.csproj", "{993E0558-5B3C-4A89-B200-188E8B9783EF}"
EndProject
Global
	GlobalSection(SolutionConfigurationPlatforms) = preSolution
		Debug|Any CPU = Debug|Any CPU
		Release|Any CPU = Release|Any CPU
	EndGlobalSection
	GlobalSection(ProjectConfigurationPlatforms) = postSolution
		{993E0558-5B3C-4A89-B200-188E8B9783EF}.Debug|Any CPU.ActiveCfg = Debug|Any CPU
		{993E0558-5B3C-4A89-B200-188E8B9783EF}.Debug|Any CPU.Build.0 = Debug|Any CPU
		{993E0558-5B3C-4A89-B200-188E8B9783EF}.Release|Any CPU.ActiveCfg = Release|Any CPU
		{993E0558-5B3C-4A89-B200-188E8B9783EF}.Release|Any CPU.Build.0 = Release|Any CPU
	EndGlobalSection
	GlobalSection(SolutionProperties) = preSolution
		HideSolutionNode = FALSE
	EndGlobalSection
	GlobalSection(ExtensibilityGlobals) = postSolution
		SolutionGuid = {42C4CBC5-2113-4716-9EDC-08D9D5701748}
	EndGlobalSection
EndGlobal
